
Microsoft Visual Studio Solution File, Format Version 12.00
# Visual Studio Version 17
VisualStudioVersion = 17.6.33626.354
MinimumVisualStudioVersion = 10.0.40219.1
Project("{9A19103F-16F7-4668-BE54-9A1E7A4F7556}") = "VideoTranscriber", "VideoTranscriber\VideoTranscriber.csproj", "{107AD467-0CE3-4736-9F8F-73BC202C0993}"
EndProject
Project("{9A19103F-16F7-4668-BE54-9A1E7A4F7556}") = "VideoTranscriberFunctions", "VideoTranscriberFunctions\VideoTranscriberFunctions.csproj", "{09DD5B09-80DC-4ED3-B539-DAE3689096EA}"
EndProject
Project("{9A19103F-16F7-4668-BE54-9A1E7A4F7556}") = "VideoTranscriberVideoClient", "VideoTranscriberVideoClient\VideoTranscriberVideoClient.csproj", "{2C24AF96-AABF-4C63-8904-EE2528077033}"
EndProject
Project("{9A19103F-16F7-4668-BE54-9A1E7A4F7556}") = "VideoTranscriberCore", "VideoTranscriberCore\VideoTranscriberCore.csproj", "{BB2E0E16-57AA-42B0-9AAB-94C6E61A0F92}"
EndProject
Project("{9A19103F-16F7-4668-BE54-9A1E7A4F7556}") = "VideoTranscriberStorage", "VideoTranscriberStorage\VideoTranscriberStorage.csproj", "{4FA95BBA-4D80-4232-BAF3-9A6EE1F7B783}"
EndProject
Project("{9A19103F-16F7-4668-BE54-9A1E7A4F7556}") = "VideoTranscriberData", "VideoTranscriberData\VideoTranscriberData.csproj", "{19EBCD09-8F1E-43E4-82B3-0112B07D85D2}"
EndProject
Project("{FAE04EC0-301F-11D3-BF4B-00C04F79EFBC}") = "VideoTranscriberTests", "VideoTranscriberTests\VideoTranscriberTests.csproj", "{92057DE9-14EE-45E5-B610-0D9D55E14BE2}"
EndProject
Global
	GlobalSection(SolutionConfigurationPlatforms) = preSolution
		Debug|Any CPU = Debug|Any CPU
		Release|Any CPU = Release|Any CPU
	EndGlobalSection
	GlobalSection(ProjectConfigurationPlatforms) = postSolution
		{107AD467-0CE3-4736-9F8F-73BC202C0993}.Debug|Any CPU.ActiveCfg = Debug|Any CPU
		{107AD467-0CE3-4736-9F8F-73BC202C0993}.Debug|Any CPU.Build.0 = Debug|Any CPU
		{107AD467-0CE3-4736-9F8F-73BC202C0993}.Release|Any CPU.ActiveCfg = Release|Any CPU
		{107AD467-0CE3-4736-9F8F-73BC202C0993}.Release|Any CPU.Build.0 = Release|Any CPU
		{09DD5B09-80DC-4ED3-B539-DAE3689096EA}.Debug|Any CPU.ActiveCfg = Debug|Any CPU
		{09DD5B09-80DC-4ED3-B539-DAE3689096EA}.Debug|Any CPU.Build.0 = Debug|Any CPU
		{09DD5B09-80DC-4ED3-B539-DAE3689096EA}.Release|Any CPU.ActiveCfg = Release|Any CPU
		{09DD5B09-80DC-4ED3-B539-DAE3689096EA}.Release|Any CPU.Build.0 = Release|Any CPU
		{2C24AF96-AABF-4C63-8904-EE2528077033}.Debug|Any CPU.ActiveCfg = Debug|Any CPU
		{2C24AF96-AABF-4C63-8904-EE2528077033}.Debug|Any CPU.Build.0 = Debug|Any CPU
		{2C24AF96-AABF-4C63-8904-EE2528077033}.Release|Any CPU.ActiveCfg = Release|Any CPU
		{2C24AF96-AABF-4C63-8904-EE2528077033}.Release|Any CPU.Build.0 = Release|Any CPU
		{BB2E0E16-57AA-42B0-9AAB-94C6E61A0F92}.Debug|Any CPU.ActiveCfg = Debug|Any CPU
		{BB2E0E16-57AA-42B0-9AAB-94C6E61A0F92}.Debug|Any CPU.Build.0 = Debug|Any CPU
		{BB2E0E16-57AA-42B0-9AAB-94C6E61A0F92}.Release|Any CPU.ActiveCfg = Release|Any CPU
		{BB2E0E16-57AA-42B0-9AAB-94C6E61A0F92}.Release|Any CPU.Build.0 = Release|Any CPU
		{4FA95BBA-4D80-4232-BAF3-9A6EE1F7B783}.Debug|Any CPU.ActiveCfg = Debug|Any CPU
		{4FA95BBA-4D80-4232-BAF3-9A6EE1F7B783}.Debug|Any CPU.Build.0 = Debug|Any CPU
		{4FA95BBA-4D80-4232-BAF3-9A6EE1F7B783}.Release|Any CPU.ActiveCfg = Release|Any CPU
		{4FA95BBA-4D80-4232-BAF3-9A6EE1F7B783}.Release|Any CPU.Build.0 = Release|Any CPU
		{19EBCD09-8F1E-43E4-82B3-0112B07D85D2}.Debug|Any CPU.ActiveCfg = Debug|Any CPU
		{19EBCD09-8F1E-43E4-82B3-0112B07D85D2}.Debug|Any CPU.Build.0 = Debug|Any CPU
		{19EBCD09-8F1E-43E4-82B3-0112B07D85D2}.Release|Any CPU.ActiveCfg = Release|Any CPU
		{19EBCD09-8F1E-43E4-82B3-0112B07D85D2}.Release|Any CPU.Build.0 = Release|Any CPU
		{92057DE9-14EE-45E5-B610-0D9D55E14BE2}.Debug|Any CPU.ActiveCfg = Debug|Any CPU
		{92057DE9-14EE-45E5-B610-0D9D55E14BE2}.Debug|Any CPU.Build.0 = Debug|Any CPU
		{92057DE9-14EE-45E5-B610-0D9D55E14BE2}.Release|Any CPU.ActiveCfg = Release|Any CPU
		{92057DE9-14EE-45E5-B610-0D9D55E14BE2}.Release|Any CPU.Build.0 = Release|Any CPU
	EndGlobalSection
	GlobalSection(SolutionProperties) = preSolution
		HideSolutionNode = FALSE
	EndGlobalSection
	GlobalSection(ExtensibilityGlobals) = postSolution
		SolutionGuid = {54F73C3A-47CF-4996-B487-F00A1B42A2DD}
	EndGlobalSection
EndGlobal
